{
  "requires": true,
  "lockfileVersion": 1,
  "dependencies": {
    "jmfcool-frame-print": {
      "version": "1.0.1",
      "resolved": "https://registry.npmjs.org/jmfcool-frame-print/-/jmfcool-frame-print-1.0.1.tgz",
      "integrity": "sha512-IFtl0GJRu1JIstoK3pFb46Sp0d+E13zPJ3u5+I7dgu6h3aNwgqSA9hI3Wm6tWHVh63YAfBZXiL2r+zvZzYgwbw=="
    }
  }
}
